
Microsoft Visual Studio Solution File, Format Version 12.00
# Visual Studio Version 17
VisualStudioVersion = 17.14.36518.9 d17.14
MinimumVisualStudioVersion = 10.0.40219.1
Project("{FAE04EC0-301F-11D3-BF4B-00C04F79EFBC}") = "beadando_ikt", "beadando_ikt\beadando_ikt.csproj", "{5BC76366-1BA1-4EC4-A23F-D47B24D8AC5B}"
EndProject
Global
	GlobalSection(SolutionConfigurationPlatforms) = preSolution
		Debug|Any CPU = Debug|Any CPU
		Release|Any CPU = Release|Any CPU
	EndGlobalSection
	GlobalSection(ProjectConfigurationPlatforms) = postSolution
		{5BC76366-1BA1-4EC4-A23F-D47B24D8AC5B}.Debug|Any CPU.ActiveCfg = Debug|Any CPU
		{5BC76366-1BA1-4EC4-A23F-D47B24D8AC5B}.Debug|Any CPU.Build.0 = Debug|Any CPU
		{5BC76366-1BA1-4EC4-A23F-D47B24D8AC5B}.Release|Any CPU.ActiveCfg = Release|Any CPU
		{5BC76366-1BA1-4EC4-A23F-D47B24D8AC5B}.Release|Any CPU.Build.0 = Release|Any CPU
	EndGlobalSection
	GlobalSection(SolutionProperties) = preSolution
		HideSolutionNode = FALSE
	EndGlobalSection
	GlobalSection(ExtensibilityGlobals) = postSolution
		SolutionGuid = {103D68FB-82C6-415D-80F1-D08BAA284EF1}
	EndGlobalSection
EndGlobal
